{
  "version": 4,
  "terraform_version": "1.14.7",
  "serial": 7,
  "lineage": "528befb4-0bee-a86f-5c88-3c3c2252bc9a",
  "outputs": {},
  "resources": [
    {
      "module": "module.network_security_group",
      "mode": "managed",
      "type": "azurerm_network_security_group",
      "name": "nsg-block",
      "provider": "provider[\"registry.terraform.io/hashicorp/azurerm\"]",
      "instances": [
        {
          "index_key": "nsg-1",
          "schema_version": 0,
          "attributes": {
            "id": "/subscriptions/0e3402ea-b30c-409a-9bbe-2dac4d43e202/resourceGroups/rg-Mritunjay/providers/Microsoft.Network/networkSecurityGroups/nsg-121",
            "location": "eastasia",
            "name": "nsg-121",
            "resource_group_name": "rg-Mritunjay",
            "security_rule": [
              {
                "access": "Allow",
                "description": "",
                "destination_address_prefix": "*",
                "destination_address_prefixes": [],
                "destination_application_security_group_ids": [],
                "destination_port_range": "*",
                "destination_port_ranges": [],
                "direction": "Inbound",
                "name": "test123",
                "priority": 100,
                "protocol": "Tcp",
                "source_address_prefix": "*",
                "source_address_prefixes": [],
                "source_application_security_group_ids": [],
                "source_port_range": "*",
                "source_port_ranges": []
              }
            ],
            "tags": null,
            "timeouts": null
          },
          "sensitive_attributes": [],
          "identity_schema_version": 0,
          "identity": {
            "name": "nsg-121",
            "resource_group_name": "rg-Mritunjay",
            "subscription_id": "0e3402ea-b30c-409a-9bbe-2dac4d43e202"
          },
          "private": "eyJlMmJmYjczMC1lY2FhLTExZTYtOGY4OC0zNDM2M2JjN2M0YzAiOnsiY3JlYXRlIjoxODAwMDAwMDAwMDAwLCJkZWxldGUiOjE4MDAwMDAwMDAwMDAsInJlYWQiOjMwMDAwMDAwMDAwMCwidXBkYXRlIjoxODAwMDAwMDAwMDAwfX0=",
          "dependencies": [
            "module.resource-group.azurerm_resource_group.rg"
          ]
        }
      ]
    },
    {
      "module": "module.resource-group",
      "mode": "managed",
      "type": "azurerm_resource_group",
      "name": "rg",
      "provider": "provider[\"registry.terraform.io/hashicorp/azurerm\"]",
      "instances": [
        {
          "index_key": "rg1",
          "schema_version": 0,
          "attributes": {
            "id": "/subscriptions/0e3402ea-b30c-409a-9bbe-2dac4d43e202/resourceGroups/rg-Mritunjay",
            "location": "eastasia",
            "managed_by": "",
            "name": "rg-Mritunjay",
            "tags": null,
            "timeouts": null
          },
          "sensitive_attributes": [],
          "identity_schema_version": 0,
          "identity": {
            "name": "rg-Mritunjay",
            "subscription_id": "0e3402ea-b30c-409a-9bbe-2dac4d43e202"
          },
          "private": "eyJlMmJmYjczMC1lY2FhLTExZTYtOGY4OC0zNDM2M2JjN2M0YzAiOnsiY3JlYXRlIjo1NDAwMDAwMDAwMDAwLCJkZWxldGUiOjU0MDAwMDAwMDAwMDAsInJlYWQiOjMwMDAwMDAwMDAwMCwidXBkYXRlIjo1NDAwMDAwMDAwMDAwfX0="
        }
      ]
    },
    {
      "module": "module.subnet",
      "mode": "managed",
      "type": "azurerm_subnet",
      "name": "subnet-block",
      "provider": "provider[\"registry.terraform.io/hashicorp/azurerm\"]",
      "instances": [
        {
          "index_key": "subnet_1",
          "schema_version": 0,
          "attributes": {
            "address_prefixes": [
              "10.0.1.0/24"
            ],
            "default_outbound_access_enabled": true,
            "delegation": [],
            "id": "/subscriptions/0e3402ea-b30c-409a-9bbe-2dac4d43e202/resourceGroups/rg-Mritunjay/providers/Microsoft.Network/virtualNetworks/vnet-bhai/subnets/subnet-apna",
            "ip_address_pool": [],
            "name": "subnet-apna",
            "network_security_group_id": "",
            "network_security_group_id_wo": null,
            "network_security_group_id_wo_version": 0,
            "private_endpoint_network_policies": "Disabled",
            "private_link_service_network_policies_enabled": true,
            "resource_group_name": "rg-Mritunjay",
            "route_table_id": "",
            "route_table_id_wo": null,
            "route_table_id_wo_version": 0,
            "service_endpoint": [],
            "service_endpoint_policy_ids": null,
            "sharing_scope": "",
            "timeouts": null,
            "virtual_network_name": "vnet-bhai"
          },
          "sensitive_attributes": [],
          "identity_schema_version": 0,
          "identity": {
            "name": "subnet-apna",
            "resource_group_name": "rg-Mritunjay",
            "subscription_id": "0e3402ea-b30c-409a-9bbe-2dac4d43e202",
            "virtual_network_name": "vnet-bhai"
          },
          "private": "eyJlMmJmYjczMC1lY2FhLTExZTYtOGY4OC0zNDM2M2JjN2M0YzAiOnsiY3JlYXRlIjoxODAwMDAwMDAwMDAwLCJkZWxldGUiOjE4MDAwMDAwMDAwMDAsInJlYWQiOjMwMDAwMDAwMDAwMCwidXBkYXRlIjoxODAwMDAwMDAwMDAwfX0=",
          "dependencies": [
            "module.resource-group.azurerm_resource_group.rg",
            "module.virtual-network.azurerm_virtual_network.vnet_block"
          ]
        },
        {
          "index_key": "subnet_2",
          "schema_version": 0,
          "attributes": {
            "address_prefixes": [
              "10.0.2.0/24"
            ],
            "default_outbound_access_enabled": true,
            "delegation": [],
            "id": "/subscriptions/0e3402ea-b30c-409a-9bbe-2dac4d43e202/resourceGroups/rg-Mritunjay/providers/Microsoft.Network/virtualNetworks/vnet-bhai/subnets/subnet-apna-apna",
            "ip_address_pool": [],
            "name": "subnet-apna-apna",
            "network_security_group_id": "",
            "network_security_group_id_wo": null,
            "network_security_group_id_wo_version": 0,
            "private_endpoint_network_policies": "Disabled",
            "private_link_service_network_policies_enabled": true,
            "resource_group_name": "rg-Mritunjay",
            "route_table_id": "",
            "route_table_id_wo": null,
            "route_table_id_wo_version": 0,
            "service_endpoint": [],
            "service_endpoint_policy_ids": null,
            "sharing_scope": "",
            "timeouts": null,
            "virtual_network_name": "vnet-bhai"
          },
          "sensitive_attributes": [],
          "identity_schema_version": 0,
          "identity": {
            "name": "subnet-apna-apna",
            "resource_group_name": "rg-Mritunjay",
            "subscription_id": "0e3402ea-b30c-409a-9bbe-2dac4d43e202",
            "virtual_network_name": "vnet-bhai"
          },
          "private": "eyJlMmJmYjczMC1lY2FhLTExZTYtOGY4OC0zNDM2M2JjN2M0YzAiOnsiY3JlYXRlIjoxODAwMDAwMDAwMDAwLCJkZWxldGUiOjE4MDAwMDAwMDAwMDAsInJlYWQiOjMwMDAwMDAwMDAwMCwidXBkYXRlIjoxODAwMDAwMDAwMDAwfX0=",
          "dependencies": [
            "module.resource-group.azurerm_resource_group.rg",
            "module.virtual-network.azurerm_virtual_network.vnet_block"
          ]
        }
      ]
    },
    {
      "module": "module.virtual-network",
      "mode": "managed",
      "type": "azurerm_virtual_network",
      "name": "vnet_block",
      "provider": "provider[\"registry.terraform.io/hashicorp/azurerm\"]",
      "instances": [
        {
          "index_key": "vnet1",
          "schema_version": 0,
          "attributes": {
            "address_space": [
              "10.0.0.0/16"
            ],
            "bgp_community": "",
            "ddos_protection_plan": [],
            "dns_servers": [],
            "edge_zone": "",
            "encryption": [],
            "flow_timeout_in_minutes": 0,
            "guid": "4e263a10-eb75-43ab-b409-5014e3b87fe4",
            "id": "/subscriptions/0e3402ea-b30c-409a-9bbe-2dac4d43e202/resourceGroups/rg-Mritunjay/providers/Microsoft.Network/virtualNetworks/vnet-bhai",
            "ip_address_pool": [],
            "location": "eastasia",
            "name": "vnet-bhai",
            "private_endpoint_vnet_policies": "Disabled",
            "resource_group_name": "rg-Mritunjay",
            "subnet": [],
            "tags": null,
            "timeouts": null
          },
          "sensitive_attributes": [],
          "identity_schema_version": 0,
          "identity": {
            "name": "vnet-bhai",
            "resource_group_name": "rg-Mritunjay",
            "subscription_id": "0e3402ea-b30c-409a-9bbe-2dac4d43e202"
          },
          "private": "eyJlMmJmYjczMC1lY2FhLTExZTYtOGY4OC0zNDM2M2JjN2M0YzAiOnsiY3JlYXRlIjoxODAwMDAwMDAwMDAwLCJkZWxldGUiOjE4MDAwMDAwMDAwMDAsInJlYWQiOjMwMDAwMDAwMDAwMCwidXBkYXRlIjoxODAwMDAwMDAwMDAwfX0=",
          "dependencies": [
            "module.resource-group.azurerm_resource_group.rg"
          ]
        }
      ]
    }
  ],
  "check_results": null
}
